
Microsoft Visual Studio Solution File, Format Version 12.00
Project("{FAE04EC0-301F-11D3-BF4B-00C04F79EFBC}") = "GuessWordClient", "GuessWordClient\GuessWordClient.csproj", "{AE5E6178-0FAF-4BA9-84D9-AB4AAC4198EF}"
EndProject
Project("{FAE04EC0-301F-11D3-BF4B-00C04F79EFBC}") = "GuessWordClient.Tests", "GuessWordClient.Tests\GuessWordClient.Tests.csproj", "{160F7250-99A3-4CBC-9AF1-7CC2615E772D}"
EndProject
Global
	GlobalSection(SolutionConfigurationPlatforms) = preSolution
		Debug|Any CPU = Debug|Any CPU
		Release|Any CPU = Release|Any CPU
	EndGlobalSection
	GlobalSection(ProjectConfigurationPlatforms) = postSolution
		{AE5E6178-0FAF-4BA9-84D9-AB4AAC4198EF}.Debug|Any CPU.ActiveCfg = Debug|Any CPU
		{AE5E6178-0FAF-4BA9-84D9-AB4AAC4198EF}.Debug|Any CPU.Build.0 = Debug|Any CPU
		{AE5E6178-0FAF-4BA9-84D9-AB4AAC4198EF}.Release|Any CPU.ActiveCfg = Release|Any CPU
		{AE5E6178-0FAF-4BA9-84D9-AB4AAC4198EF}.Release|Any CPU.Build.0 = Release|Any CPU
		{160F7250-99A3-4CBC-9AF1-7CC2615E772D}.Debug|Any CPU.ActiveCfg = Debug|Any CPU
		{160F7250-99A3-4CBC-9AF1-7CC2615E772D}.Debug|Any CPU.Build.0 = Debug|Any CPU
		{160F7250-99A3-4CBC-9AF1-7CC2615E772D}.Release|Any CPU.ActiveCfg = Release|Any CPU
		{160F7250-99A3-4CBC-9AF1-7CC2615E772D}.Release|Any CPU.Build.0 = Release|Any CPU
	EndGlobalSection
EndGlobal
